
Microsoft Visual Studio Solution File, Format Version 12.00
# Visual Studio Version 17
VisualStudioVersion = 17.4.33213.308
MinimumVisualStudioVersion = 10.0.40219.1
Project("{8BC9CEB8-8B4A-11D0-8D11-00A0C91BC942}") = "OpenGLtemplate", "OpenGLtemplate\OpenGLtemplate.vcxproj", "{8DD53D93-EAA3-4227-BB6A-075A1F037BD4}"
EndProject
Global
	GlobalSection(SolutionConfigurationPlatforms) = preSolution
		Debug|arm64 = Debug|arm64
		Debug|x64 = Debug|x64
		Debug|x86 = Debug|x86
		Release|arm64 = Release|arm64
		Release|x64 = Release|x64
		Release|x86 = Release|x86
	EndGlobalSection
	GlobalSection(ProjectConfigurationPlatforms) = postSolution
		{8DD53D93-EAA3-4227-BB6A-075A1F037BD4}.Debug|arm64.ActiveCfg = Debug|arm64
		{8DD53D93-EAA3-4227-BB6A-075A1F037BD4}.Debug|arm64.Build.0 = Debug|arm64
		{8DD53D93-EAA3-4227-BB6A-075A1F037BD4}.Debug|x64.ActiveCfg = Debug|x64
		{8DD53D93-EAA3-4227-BB6A-075A1F037BD4}.Debug|x64.Build.0 = Debug|x64
		{8DD53D93-EAA3-4227-BB6A-075A1F037BD4}.Debug|x86.ActiveCfg = Debug|Win32
		{8DD53D93-EAA3-4227-BB6A-075A1F037BD4}.Debug|x86.Build.0 = Debug|Win32
		{8DD53D93-EAA3-4227-BB6A-075A1F037BD4}.Release|arm64.ActiveCfg = Release|arm64
		{8DD53D93-EAA3-4227-BB6A-075A1F037BD4}.Release|arm64.Build.0 = Release|arm64
		{8DD53D93-EAA3-4227-BB6A-075A1F037BD4}.Release|x64.ActiveCfg = Release|x64
		{8DD53D93-EAA3-4227-BB6A-075A1F037BD4}.Release|x64.Build.0 = Release|x64
		{8DD53D93-EAA3-4227-BB6A-075A1F037BD4}.Release|x86.ActiveCfg = Release|Win32
		{8DD53D93-EAA3-4227-BB6A-075A1F037BD4}.Release|x86.Build.0 = Release|Win32
	EndGlobalSection
	GlobalSection(SolutionProperties) = preSolution
		HideSolutionNode = FALSE
	EndGlobalSection
	GlobalSection(ExtensibilityGlobals) = postSolution
		SolutionGuid = {DF4609CD-3A07-44AA-A55E-BC0A3BE0BE85}
	EndGlobalSection
EndGlobal
